
Microsoft Visual Studio Solution File, Format Version 12.00
# Visual Studio Version 17
VisualStudioVersion = 17.7.34031.279
MinimumVisualStudioVersion = 10.0.40219.1
Project("{8BC9CEB8-8B4A-11D0-8D11-00A0C91BC942}") = "Imgui", "Imgui\Imgui.vcxproj", "{1298DAC5-0D13-4439-A84A-E9BE0C7217C9}"
EndProject
Project("{8BC9CEB8-8B4A-11D0-8D11-00A0C91BC942}") = "Cubes", "Cubes\Cubes.vcxproj", "{814E57E0-DD3E-484F-BE7F-65AA4555D390}"
	ProjectSection(ProjectDependencies) = postProject
		{1298DAC5-0D13-4439-A84A-E9BE0C7217C9} = {1298DAC5-0D13-4439-A84A-E9BE0C7217C9}
		{E231801B-5258-5503-DCB4-7CEBBEE38404} = {E231801B-5258-5503-DCB4-7CEBBEE38404}
	EndProjectSection
EndProject
Project("{8BC9CEB8-8B4A-11D0-8D11-00A0C91BC942}") = "GameResources", "GameResources\GameResources.vcxproj", "{E231801B-5258-5503-DCB4-7CEBBEE38404}"
EndProject
Global
	GlobalSection(SolutionConfigurationPlatforms) = preSolution
		Debug|x64 = Debug|x64
		Release|x64 = Release|x64
	EndGlobalSection
	GlobalSection(ProjectConfigurationPlatforms) = postSolution
		{1298DAC5-0D13-4439-A84A-E9BE0C7217C9}.Debug|x64.ActiveCfg = Debug|x64
		{1298DAC5-0D13-4439-A84A-E9BE0C7217C9}.Debug|x64.Build.0 = Debug|x64
		{1298DAC5-0D13-4439-A84A-E9BE0C7217C9}.Release|x64.ActiveCfg = Release|x64
		{1298DAC5-0D13-4439-A84A-E9BE0C7217C9}.Release|x64.Build.0 = Release|x64
		{814E57E0-DD3E-484F-BE7F-65AA4555D390}.Debug|x64.ActiveCfg = Debug|x64
		{814E57E0-DD3E-484F-BE7F-65AA4555D390}.Debug|x64.Build.0 = Debug|x64
		{814E57E0-DD3E-484F-BE7F-65AA4555D390}.Release|x64.ActiveCfg = Release|x64
		{814E57E0-DD3E-484F-BE7F-65AA4555D390}.Release|x64.Build.0 = Release|x64
		{E231801B-5258-5503-DCB4-7CEBBEE38404}.Debug|x64.ActiveCfg = Debug|x64
		{E231801B-5258-5503-DCB4-7CEBBEE38404}.Debug|x64.Build.0 = Debug|x64
		{E231801B-5258-5503-DCB4-7CEBBEE38404}.Release|x64.ActiveCfg = Release|x64
		{E231801B-5258-5503-DCB4-7CEBBEE38404}.Release|x64.Build.0 = Release|x64
	EndGlobalSection
	GlobalSection(SolutionProperties) = preSolution
		HideSolutionNode = FALSE
	EndGlobalSection
	GlobalSection(ExtensibilityGlobals) = postSolution
		SolutionGuid = {A091489D-E742-4832-BD44-D0F04D2346AB}
	EndGlobalSection
EndGlobal
